
Microsoft Visual Studio Solution File, Format Version 12.00
# Visual Studio 15
VisualStudioVersion = 15.0.28307.572
MinimumVisualStudioVersion = 10.0.40219.1
Project("{FAE04EC0-301F-11D3-BF4B-00C04F79EFBC}") = "StockProjectView", "StockProjectView\StockProjectView.csproj", "{D605A9FD-A4A0-401E-B9C6-B72692CF4316}"
EndProject
Project("{FAE04EC0-301F-11D3-BF4B-00C04F79EFBC}") = "StockProjectDAL", "StockProjectDAL\StockProjectDAL.csproj", "{66831572-6B9A-4B28-9B5F-0DE284D81871}"
EndProject
Project("{FAE04EC0-301F-11D3-BF4B-00C04F79EFBC}") = "StockModel", "StockModel\StockModel.csproj", "{BF2DB828-E2DE-4565-BD5A-DED8DED57066}"
EndProject
Project("{FAE04EC0-301F-11D3-BF4B-00C04F79EFBC}") = "StockDB", "StockDB\StockDB.csproj", "{ABBC4E2A-24E2-4CE3-9550-CF667F26F698}"
EndProject
Global
	GlobalSection(SolutionConfigurationPlatforms) = preSolution
		Debug|Any CPU = Debug|Any CPU
		Release|Any CPU = Release|Any CPU
	EndGlobalSection
	GlobalSection(ProjectConfigurationPlatforms) = postSolution
		{D605A9FD-A4A0-401E-B9C6-B72692CF4316}.Debug|Any CPU.ActiveCfg = Debug|Any CPU
		{D605A9FD-A4A0-401E-B9C6-B72692CF4316}.Debug|Any CPU.Build.0 = Debug|Any CPU
		{D605A9FD-A4A0-401E-B9C6-B72692CF4316}.Release|Any CPU.ActiveCfg = Release|Any CPU
		{D605A9FD-A4A0-401E-B9C6-B72692CF4316}.Release|Any CPU.Build.0 = Release|Any CPU
		{66831572-6B9A-4B28-9B5F-0DE284D81871}.Debug|Any CPU.ActiveCfg = Debug|Any CPU
		{66831572-6B9A-4B28-9B5F-0DE284D81871}.Debug|Any CPU.Build.0 = Debug|Any CPU
		{66831572-6B9A-4B28-9B5F-0DE284D81871}.Release|Any CPU.ActiveCfg = Release|Any CPU
		{66831572-6B9A-4B28-9B5F-0DE284D81871}.Release|Any CPU.Build.0 = Release|Any CPU
		{BF2DB828-E2DE-4565-BD5A-DED8DED57066}.Debug|Any CPU.ActiveCfg = Debug|Any CPU
		{BF2DB828-E2DE-4565-BD5A-DED8DED57066}.Debug|Any CPU.Build.0 = Debug|Any CPU
		{BF2DB828-E2DE-4565-BD5A-DED8DED57066}.Release|Any CPU.ActiveCfg = Release|Any CPU
		{BF2DB828-E2DE-4565-BD5A-DED8DED57066}.Release|Any CPU.Build.0 = Release|Any CPU
		{ABBC4E2A-24E2-4CE3-9550-CF667F26F698}.Debug|Any CPU.ActiveCfg = Debug|Any CPU
		{ABBC4E2A-24E2-4CE3-9550-CF667F26F698}.Debug|Any CPU.Build.0 = Debug|Any CPU
		{ABBC4E2A-24E2-4CE3-9550-CF667F26F698}.Release|Any CPU.ActiveCfg = Release|Any CPU
		{ABBC4E2A-24E2-4CE3-9550-CF667F26F698}.Release|Any CPU.Build.0 = Release|Any CPU
	EndGlobalSection
	GlobalSection(SolutionProperties) = preSolution
		HideSolutionNode = FALSE
	EndGlobalSection
	GlobalSection(ExtensibilityGlobals) = postSolution
		SolutionGuid = {B00C9776-CF31-451F-9353-2A6779470AB9}
	EndGlobalSection
EndGlobal
